// !$*UTF8*$!
{
	archiveVersion = 1;
	classes = {
	};
	objectVersion = 46;
	objects = {

/* Begin PBXBuildFile section */
		A905C9B21751303C00ADA045 /* JKCounter.m in Sources */ = {isa = PBXBuildFile; fileRef = A905C9B11751303C00ADA045 /* JKCounter.m */; };
		A905E7071742DBED00BA8EC6 /* CoreText.framework in Frameworks */ = {isa = PBXBuildFile; fileRef = A905E7061742DBED00BA8EC6 /* CoreText.framework */; };
		A94AF95E1747AA1A00366861 /* CameraTest.qtz in Resources */ = {isa = PBXBuildFile; fileRef = A94AF95D1747AA1A00366861 /* CameraTest.qtz */; };
		A94AF9611747AD8E00366861 /* ImageDimensions.qtz in Resources */ = {isa = PBXBuildFile; fileRef = A94AF9601747AD8E00366861 /* ImageDimensions.qtz */; };
		A94AF9641747AE1000366861 /* JKImageDimensions.m in Sources */ = {isa = PBXBuildFile; fileRef = A94AF9631747AE1000366861 /* JKImageDimensions.m */; };
		A94AF9671747B81D00366861 /* JKContextUtil.m in Sources */ = {isa = PBXBuildFile; fileRef = A94AF9661747B81D00366861 /* JKContextUtil.m */; };
		A94AF96A1747C31B00366861 /* NSString+LowercaseFirst.m in Sources */ = {isa = PBXBuildFile; fileRef = A94AF9691747C31B00366861 /* NSString+LowercaseFirst.m */; };
		A94AF96D1747EC5C00366861 /* JKVideoInput.m in Sources */ = {isa = PBXBuildFile; fileRef = A94AF96C1747EC5C00366861 /* JKVideoInput.m */; };
		A94AF96F1747EDB700366861 /* AVFoundation.framework in Frameworks */ = {isa = PBXBuildFile; fileRef = A94AF96E1747EDB600366861 /* AVFoundation.framework */; };
		A94AF9711747F0DC00366861 /* CoreVideo.framework in Frameworks */ = {isa = PBXBuildFile; fileRef = A94AF9701747F0DC00366861 /* CoreVideo.framework */; };
		A94AF9731747F0F900366861 /* CoreMedia.framework in Frameworks */ = {isa = PBXBuildFile; fileRef = A94AF9721747F0F900366861 /* CoreMedia.framework */; };
		A956ABD4173A3BF300EC54BE /* GLKit.framework in Frameworks */ = {isa = PBXBuildFile; fileRef = A956ABD2173A3BF300EC54BE /* GLKit.framework */; };
		A956ABD5173A3BF300EC54BE /* OpenGLES.framework in Frameworks */ = {isa = PBXBuildFile; fileRef = A956ABD3173A3BF300EC54BE /* OpenGLES.framework */; };
		A956ABD8173A409100EC54BE /* JKClear.m in Sources */ = {isa = PBXBuildFile; fileRef = A956ABD7173A409100EC54BE /* JKClear.m */; };
		A956ABDC173A697A00EC54BE /* JKQCView.m in Sources */ = {isa = PBXBuildFile; fileRef = A956ABDB173A697A00EC54BE /* JKQCView.m */; };
		A956ABDF173A90CB00EC54BE /* JKSprite.m in Sources */ = {isa = PBXBuildFile; fileRef = A956ABDE173A90CB00EC54BE /* JKSprite.m */; };
		A960AADD174F6E1600A95AEC /* ToggleSmooth.qtz in Resources */ = {isa = PBXBuildFile; fileRef = A960AADC174F6E1600A95AEC /* ToggleSmooth.qtz */; };
		A960AAE0174F924200A95AEC /* JKGradient.m in Sources */ = {isa = PBXBuildFile; fileRef = A960AADF174F924200A95AEC /* JKGradient.m */; };
		A960AAE21750192400A95AEC /* TapTest.qtz in Resources */ = {isa = PBXBuildFile; fileRef = A960AAE11750192400A95AEC /* TapTest.qtz */; };
		A960AAE51750197B00A95AEC /* JKMultiplexer.m in Sources */ = {isa = PBXBuildFile; fileRef = A960AAE41750197B00A95AEC /* JKMultiplexer.m */; };
		A960AAE817501EB400A95AEC /* JKMouseInteraction.m in Sources */ = {isa = PBXBuildFile; fileRef = A960AAE717501EB400A95AEC /* JKMouseInteraction.m */; };
		A9BD52CD173AD55900F21C39 /* JKConnection.m in Sources */ = {isa = PBXBuildFile; fileRef = A9BD52CC173AD55900F21C39 /* JKConnection.m */; };
		A9BD52D0173BAA9800F21C39 /* JKInterpolation.m in Sources */ = {isa = PBXBuildFile; fileRef = A9BD52CF173BAA9800F21C39 /* JKInterpolation.m */; };
		A9BD52D2173BD61300F21C39 /* QuartzCore.framework in Frameworks */ = {isa = PBXBuildFile; fileRef = A9BD52D1173BD61300F21C39 /* QuartzCore.framework */; };
		A9BD52D6173C0F4000F21C39 /* JKInterpolationMath.m in Sources */ = {isa = PBXBuildFile; fileRef = A9BD52D5173C0F4000F21C39 /* JKInterpolationMath.m */; };
		A9BD52DA173C26F700F21C39 /* JKMath.m in Sources */ = {isa = PBXBuildFile; fileRef = A9BD52D9173C26F700F21C39 /* JKMath.m */; };
		A9BD52DD173CE71300F21C39 /* JKImageLoader.m in Sources */ = {isa = PBXBuildFile; fileRef = A9BD52DC173CE71300F21C39 /* JKImageLoader.m */; };
		A9BD52DF173CEA0900F21C39 /* CoreImage.framework in Frameworks */ = {isa = PBXBuildFile; fileRef = A9BD52DE173CEA0900F21C39 /* CoreImage.framework */; };
		A9BD52E2173E36C200F21C39 /* JKImageFilter.m in Sources */ = {isa = PBXBuildFile; fileRef = A9BD52E1173E36C200F21C39 /* JKImageFilter.m */; };
		A9BD52E517400E2300F21C39 /* JKSplitter.m in Sources */ = {isa = PBXBuildFile; fileRef = A9BD52E417400E2300F21C39 /* JKSplitter.m */; };
		A9BD52E717411F8E00F21C39 /* Test2.qtz in Resources */ = {isa = PBXBuildFile; fileRef = A9BD52E617411F8E00F21C39 /* Test2.qtz */; };
		A9BD52EA174122DD00F21C39 /* JKTextImage.m in Sources */ = {isa = PBXBuildFile; fileRef = A9BD52E9174122DD00F21C39 /* JKTextImage.m */; };
		A9DFC9D11736E6FB00892B42 /* UIKit.framework in Frameworks */ = {isa = PBXBuildFile; fileRef = A9DFC9D01736E6FB00892B42 /* UIKit.framework */; };
		A9DFC9D31736E6FB00892B42 /* Foundation.framework in Frameworks */ = {isa = PBXBuildFile; fileRef = A9DFC9D21736E6FB00892B42 /* Foundation.framework */; };
		A9DFC9D51736E6FB00892B42 /* CoreGraphics.framework in Frameworks */ = {isa = PBXBuildFile; fileRef = A9DFC9D41736E6FB00892B42 /* CoreGraphics.framework */; };
		A9DFC9DB1736E6FB00892B42 /* InfoPlist.strings in Resources */ = {isa = PBXBuildFile; fileRef = A9DFC9D91736E6FB00892B42 /* InfoPlist.strings */; };
		A9DFC9DD1736E6FB00892B42 /* main.m in Sources */ = {isa = PBXBuildFile; fileRef = A9DFC9DC1736E6FB00892B42 /* main.m */; };
		A9DFC9E11736E6FB00892B42 /* JKAppDelegate.m in Sources */ = {isa = PBXBuildFile; fileRef = A9DFC9E01736E6FB00892B42 /* JKAppDelegate.m */; };
		A9DFC9E31736E6FB00892B42 /* Default.png in Resources */ = {isa = PBXBuildFile; fileRef = A9DFC9E21736E6FB00892B42 /* Default.png */; };
		A9DFC9E51736E6FB00892B42 /* Default@2x.png in Resources */ = {isa = PBXBuildFile; fileRef = A9DFC9E41736E6FB00892B42 /* Default@2x.png */; };
		A9DFC9E71736E6FB00892B42 /* Default-568h@2x.png in Resources */ = {isa = PBXBuildFile; fileRef = A9DFC9E61736E6FB00892B42 /* Default-568h@2x.png */; };
		A9DFC9EA1736E6FB00892B42 /* MainStoryboard.storyboard in Resources */ = {isa = PBXBuildFile; fileRef = A9DFC9E81736E6FB00892B42 /* MainStoryboard.storyboard */; };
		A9DFC9ED1736E6FB00892B42 /* JKViewController.m in Sources */ = {isa = PBXBuildFile; fileRef = A9DFC9EC1736E6FB00892B42 /* JKViewController.m */; };
		A9DFC9F41736E70F00892B42 /* EmptyTest.qtz in Resources */ = {isa = PBXBuildFile; fileRef = A9DFC9F31736E70F00892B42 /* EmptyTest.qtz */; };
		A9DFC9F81736EC7B00892B42 /* JKPatch.m in Sources */ = {isa = PBXBuildFile; fileRef = A9DFC9F71736EC7B00892B42 /* JKPatch.m */; };
		A9DFC9FB1736ECA300892B42 /* JKComposition.m in Sources */ = {isa = PBXBuildFile; fileRef = A9DFC9FA1736ECA300892B42 /* JKComposition.m */; };
		A9DFC9FE1736EFC200892B42 /* JKUnimplementedPatch.m in Sources */ = {isa = PBXBuildFile; fileRef = A9DFC9FD1736EFC200892B42 /* JKUnimplementedPatch.m */; };
/* End PBXBuildFile section */

/* Begin PBXFileReference section */
		A905C9AF17512CE300ADA045 /* JKCompositionPrivate.h */ = {isa = PBXFileReference; lastKnownFileType = sourcecode.c.h; path = JKCompositionPrivate.h; sourceTree = "<group>"; };
		A905C9B01751303C00ADA045 /* JKCounter.h */ = {isa = PBXFileReference; fileEncoding = 4; lastKnownFileType = sourcecode.c.h; path = JKCounter.h; sourceTree = "<group>"; };
		A905C9B11751303C00ADA045 /* JKCounter.m */ = {isa = PBXFileReference; fileEncoding = 4; lastKnownFileType = sourcecode.c.objc; path = JKCounter.m; sourceTree = "<group>"; };
		A905E7061742DBED00BA8EC6 /* CoreText.framework */ = {isa = PBXFileReference; lastKnownFileType = wrapper.framework; name = CoreText.framework; path = System/Library/Frameworks/CoreText.framework; sourceTree = SDKROOT; };
		A94AF95D1747AA1A00366861 /* CameraTest.qtz */ = {isa = PBXFileReference; lastKnownFileType = "video.quartz-composer"; path = CameraTest.qtz; sourceTree = "<group>"; };
		A94AF9601747AD8E00366861 /* ImageDimensions.qtz */ = {isa = PBXFileReference; lastKnownFileType = "video.quartz-composer"; path = ImageDimensions.qtz; sourceTree = "<group>"; };
		A94AF9621747AE1000366861 /* JKImageDimensions.h */ = {isa = PBXFileReference; fileEncoding = 4; lastKnownFileType = sourcecode.c.h; path = JKImageDimensions.h; sourceTree = "<group>"; };
		A94AF9631747AE1000366861 /* JKImageDimensions.m */ = {isa = PBXFileReference; fileEncoding = 4; lastKnownFileType = sourcecode.c.objc; path = JKImageDimensions.m; sourceTree = "<group>"; };
		A94AF9651747B81D00366861 /* JKContextUtil.h */ = {isa = PBXFileReference; fileEncoding = 4; lastKnownFileType = sourcecode.c.h; path = JKContextUtil.h; sourceTree = "<group>"; };
		A94AF9661747B81D00366861 /* JKContextUtil.m */ = {isa = PBXFileReference; fileEncoding = 4; lastKnownFileType = sourcecode.c.objc; path = JKContextUtil.m; sourceTree = "<group>"; };
		A94AF9681747C31B00366861 /* NSString+LowercaseFirst.h */ = {isa = PBXFileReference; fileEncoding = 4; lastKnownFileType = sourcecode.c.h; path = "NSString+LowercaseFirst.h"; sourceTree = "<group>"; };
		A94AF9691747C31B00366861 /* NSString+LowercaseFirst.m */ = {isa = PBXFileReference; fileEncoding = 4; lastKnownFileType = sourcecode.c.objc; path = "NSString+LowercaseFirst.m"; sourceTree = "<group>"; };
		A94AF96B1747EC5B00366861 /* JKVideoInput.h */ = {isa = PBXFileReference; fileEncoding = 4; lastKnownFileType = sourcecode.c.h; path = JKVideoInput.h; sourceTree = "<group>"; };
		A94AF96C1747EC5C00366861 /* JKVideoInput.m */ = {isa = PBXFileReference; fileEncoding = 4; lastKnownFileType = sourcecode.c.objc; path = JKVideoInput.m; sourceTree = "<group>"; };
		A94AF96E1747EDB600366861 /* AVFoundation.framework */ = {isa = PBXFileReference; lastKnownFileType = wrapper.framework; name = AVFoundation.framework; path = System/Library/Frameworks/AVFoundation.framework; sourceTree = SDKROOT; };
		A94AF9701747F0DC00366861 /* CoreVideo.framework */ = {isa = PBXFileReference; lastKnownFileType = wrapper.framework; name = CoreVideo.framework; path = System/Library/Frameworks/CoreVideo.framework; sourceTree = SDKROOT; };
		A94AF9721747F0F900366861 /* CoreMedia.framework */ = {isa = PBXFileReference; lastKnownFileType = wrapper.framework; name = CoreMedia.framework; path = System/Library/Frameworks/CoreMedia.framework; sourceTree = SDKROOT; };
		A956ABD2173A3BF300EC54BE /* GLKit.framework */ = {isa = PBXFileReference; lastKnownFileType = wrapper.framework; name = GLKit.framework; path = System/Library/Frameworks/GLKit.framework; sourceTree = SDKROOT; };
		A956ABD3173A3BF300EC54BE /* OpenGLES.framework */ = {isa = PBXFileReference; lastKnownFileType = wrapper.framework; name = OpenGLES.framework; path = System/Library/Frameworks/OpenGLES.framework; sourceTree = SDKROOT; };
		A956ABD6173A409100EC54BE /* JKClear.h */ = {isa = PBXFileReference; fileEncoding = 4; lastKnownFileType = sourcecode.c.h; path = JKClear.h; sourceTree = "<group>"; };
		A956ABD7173A409100EC54BE /* JKClear.m */ = {isa = PBXFileReference; fileEncoding = 4; lastKnownFileType = sourcecode.c.objc; path = JKClear.m; sourceTree = "<group>"; };
		A956ABDA173A697A00EC54BE /* JKQCView.h */ = {isa = PBXFileReference; fileEncoding = 4; lastKnownFileType = sourcecode.c.h; path = JKQCView.h; sourceTree = "<group>"; };
		A956ABDB173A697A00EC54BE /* JKQCView.m */ = {isa = PBXFileReference; fileEncoding = 4; lastKnownFileType = sourcecode.c.objc; path = JKQCView.m; sourceTree = "<group>"; };
		A956ABDD173A90CB00EC54BE /* JKSprite.h */ = {isa = PBXFileReference; fileEncoding = 4; lastKnownFileType = sourcecode.c.h; path = JKSprite.h; sourceTree = "<group>"; };
		A956ABDE173A90CB00EC54BE /* JKSprite.m */ = {isa = PBXFileReference; fileEncoding = 4; lastKnownFileType = sourcecode.c.objc; path = JKSprite.m; sourceTree = "<group>"; };
		A960AADC174F6E1600A95AEC /* ToggleSmooth.qtz */ = {isa = PBXFileReference; lastKnownFileType = "video.quartz-composer"; path = ToggleSmooth.qtz; sourceTree = "<group>"; };
		A960AADE174F924200A95AEC /* JKGradient.h */ = {isa = PBXFileReference; fileEncoding = 4; lastKnownFileType = sourcecode.c.h; path = JKGradient.h; sourceTree = "<group>"; };
		A960AADF174F924200A95AEC /* JKGradient.m */ = {isa = PBXFileReference; fileEncoding = 4; lastKnownFileType = sourcecode.c.objc; path = JKGradient.m; sourceTree = "<group>"; };
		A960AAE11750192400A95AEC /* TapTest.qtz */ = {isa = PBXFileReference; lastKnownFileType = "video.quartz-composer"; path = TapTest.qtz; sourceTree = "<group>"; };
		A960AAE31750197B00A95AEC /* JKMultiplexer.h */ = {isa = PBXFileReference; fileEncoding = 4; lastKnownFileType = sourcecode.c.h; path = JKMultiplexer.h; sourceTree = "<group>"; };
		A960AAE41750197B00A95AEC /* JKMultiplexer.m */ = {isa = PBXFileReference; fileEncoding = 4; lastKnownFileType = sourcecode.c.objc; path = JKMultiplexer.m; sourceTree = "<group>"; };
		A960AAE617501EB400A95AEC /* JKMouseInteraction.h */ = {isa = PBXFileReference; fileEncoding = 4; lastKnownFileType = sourcecode.c.h; path = JKMouseInteraction.h; sourceTree = "<group>"; };
		A960AAE717501EB400A95AEC /* JKMouseInteraction.m */ = {isa = PBXFileReference; fileEncoding = 4; lastKnownFileType = sourcecode.c.objc; path = JKMouseInteraction.m; sourceTree = "<group>"; };
		A9BD52CB173AD55900F21C39 /* JKConnection.h */ = {isa = PBXFileReference; fileEncoding = 4; lastKnownFileType = sourcecode.c.h; path = JKConnection.h; sourceTree = "<group>"; };
		A9BD52CC173AD55900F21C39 /* JKConnection.m */ = {isa = PBXFileReference; fileEncoding = 4; lastKnownFileType = sourcecode.c.objc; path = JKConnection.m; sourceTree = "<group>"; };
		A9BD52CE173BAA9800F21C39 /* JKInterpolation.h */ = {isa = PBXFileReference; fileEncoding = 4; lastKnownFileType = sourcecode.c.h; path = JKInterpolation.h; sourceTree = "<group>"; };
		A9BD52CF173BAA9800F21C39 /* JKInterpolation.m */ = {isa = PBXFileReference; fileEncoding = 4; lastKnownFileType = sourcecode.c.objc; path = JKInterpolation.m; sourceTree = "<group>"; };
		A9BD52D1173BD61300F21C39 /* QuartzCore.framework */ = {isa = PBXFileReference; lastKnownFileType = wrapper.framework; name = QuartzCore.framework; path = System/Library/Frameworks/QuartzCore.framework; sourceTree = SDKROOT; };
		A9BD52D4173C0F4000F21C39 /* JKInterpolationMath.h */ = {isa = PBXFileReference; fileEncoding = 4; lastKnownFileType = sourcecode.c.h; path = JKInterpolationMath.h; sourceTree = "<group>"; };
		A9BD52D5173C0F4000F21C39 /* JKInterpolationMath.m */ = {isa = PBXFileReference; fileEncoding = 4; lastKnownFileType = sourcecode.c.objc; path = JKInterpolationMath.m; sourceTree = "<group>"; };
		A9BD52D7173C228C00F21C39 /* JKContext.h */ = {isa = PBXFileReference; lastKnownFileType = sourcecode.c.h; path = JKContext.h; sourceTree = "<group>"; };
		A9BD52D8173C26F700F21C39 /* JKMath.h */ = {isa = PBXFileReference; fileEncoding = 4; lastKnownFileType = sourcecode.c.h; path = JKMath.h; sourceTree = "<group>"; };
		A9BD52D9173C26F700F21C39 /* JKMath.m */ = {isa = PBXFileReference; fileEncoding = 4; lastKnownFileType = sourcecode.c.objc; path = JKMath.m; sourceTree = "<group>"; };
		A9BD52DB173CE71300F21C39 /* JKImageLoader.h */ = {isa = PBXFileReference; fileEncoding = 4; lastKnownFileType = sourcecode.c.h; path = JKImageLoader.h; sourceTree = "<group>"; };
		A9BD52DC173CE71300F21C39 /* JKImageLoader.m */ = {isa = PBXFileReference; fileEncoding = 4; lastKnownFileType = sourcecode.c.objc; path = JKImageLoader.m; sourceTree = "<group>"; };
		A9BD52DE173CEA0900F21C39 /* CoreImage.framework */ = {isa = PBXFileReference; lastKnownFileType = wrapper.framework; name = CoreImage.framework; path = System/Library/Frameworks/CoreImage.framework; sourceTree = SDKROOT; };
		A9BD52E0173E36C200F21C39 /* JKImageFilter.h */ = {isa = PBXFileReference; fileEncoding = 4; lastKnownFileType = sourcecode.c.h; path = JKImageFilter.h; sourceTree = "<group>"; };
		A9BD52E1173E36C200F21C39 /* JKImageFilter.m */ = {isa = PBXFileReference; fileEncoding = 4; lastKnownFileType = sourcecode.c.objc; path = JKImageFilter.m; sourceTree = "<group>"; };
		A9BD52E317400E2300F21C39 /* JKSplitter.h */ = {isa = PBXFileReference; fileEncoding = 4; lastKnownFileType = sourcecode.c.h; path = JKSplitter.h; sourceTree = "<group>"; };
		A9BD52E417400E2300F21C39 /* JKSplitter.m */ = {isa = PBXFileReference; fileEncoding = 4; lastKnownFileType = sourcecode.c.objc; path = JKSplitter.m; sourceTree = "<group>"; };
		A9BD52E617411F8E00F21C39 /* Test2.qtz */ = {isa = PBXFileReference; lastKnownFileType = "video.quartz-composer"; path = Test2.qtz; sourceTree = "<group>"; };
		A9BD52E8174122DD00F21C39 /* JKTextImage.h */ = {isa = PBXFileReference; fileEncoding = 4; lastKnownFileType = sourcecode.c.h; path = JKTextImage.h; sourceTree = "<group>"; };
		A9BD52E9174122DD00F21C39 /* JKTextImage.m */ = {isa = PBXFileReference; fileEncoding = 4; lastKnownFileType = sourcecode.c.objc; path = JKTextImage.m; sourceTree = "<group>"; };
		A9DFC9CD1736E6FB00892B42 /* QCMobile.app */ = {isa = PBXFileReference; explicitFileType = wrapper.application; includeInIndex = 0; path = QCMobile.app; sourceTree = BUILT_PRODUCTS_DIR; };
		A9DFC9D01736E6FB00892B42 /* UIKit.framework */ = {isa = PBXFileReference; lastKnownFileType = wrapper.framework; name = UIKit.framework; path = System/Library/Frameworks/UIKit.framework; sourceTree = SDKROOT; };
		A9DFC9D21736E6FB00892B42 /* Foundation.framework */ = {isa = PBXFileReference; lastKnownFileType = wrapper.framework; name = Foundation.framework; path = System/Library/Frameworks/Foundation.framework; sourceTree = SDKROOT; };
		A9DFC9D41736E6FB00892B42 /* CoreGraphics.framework */ = {isa = PBXFileReference; lastKnownFileType = wrapper.framework; name = CoreGraphics.framework; path = System/Library/Frameworks/CoreGraphics.framework; sourceTree = SDKROOT; };
		A9DFC9D81736E6FB00892B42 /* QCMobile-Info.plist */ = {isa = PBXFileReference; lastKnownFileType = text.plist.xml; path = "QCMobile-Info.plist"; sourceTree = "<group>"; };
		A9DFC9DA1736E6FB00892B42 /* en */ = {isa = PBXFileReference; lastKnownFileType = text.plist.strings; name = en; path = en.lproj/InfoPlist.strings; sourceTree = "<group>"; };
		A9DFC9DC1736E6FB00892B42 /* main.m */ = {isa = PBXFileReference; lastKnownFileType = sourcecode.c.objc; path = main.m; sourceTree = "<group>"; };
		A9DFC9DE1736E6FB00892B42 /* QCMobile-Prefix.pch */ = {isa = PBXFileReference; lastKnownFileType = sourcecode.c.h; path = "QCMobile-Prefix.pch"; sourceTree = "<group>"; };
		A9DFC9DF1736E6FB00892B42 /* JKAppDelegate.h */ = {isa = PBXFileReference; lastKnownFileType = sourcecode.c.h; path = JKAppDelegate.h; sourceTree = "<group>"; };
		A9DFC9E01736E6FB00892B42 /* JKAppDelegate.m */ = {isa = PBXFileReference; lastKnownFileType = sourcecode.c.objc; path = JKAppDelegate.m; sourceTree = "<group>"; };
		A9DFC9E21736E6FB00892B42 /* Default.png */ = {isa = PBXFileReference; lastKnownFileType = image.png; path = Default.png; sourceTree = "<group>"; };
		A9DFC9E41736E6FB00892B42 /* Default@2x.png */ = {isa = PBXFileReference; lastKnownFileType = image.png; path = "Default@2x.png"; sourceTree = "<group>"; };
		A9DFC9E61736E6FB00892B42 /* Default-568h@2x.png */ = {isa = PBXFileReference; lastKnownFileType = image.png; path = "Default-568h@2x.png"; sourceTree = "<group>"; };
		A9DFC9E91736E6FB00892B42 /* en */ = {isa = PBXFileReference; lastKnownFileType = file.storyboard; name = en; path = en.lproj/MainStoryboard.storyboard; sourceTree = "<group>"; };
		A9DFC9EB1736E6FB00892B42 /* JKViewController.h */ = {isa = PBXFileReference; lastKnownFileType = sourcecode.c.h; path = JKViewController.h; sourceTree = "<group>"; };
		A9DFC9EC1736E6FB00892B42 /* JKViewController.m */ = {isa = PBXFileReference; lastKnownFileType = sourcecode.c.objc; path = JKViewController.m; sourceTree = "<group>"; };
		A9DFC9F31736E70F00892B42 /* EmptyTest.qtz */ = {isa = PBXFileReference; lastKnownFileType = "video.quartz-composer"; path = EmptyTest.qtz; sourceTree = "<group>"; };
		A9DFC9F61736EC7B00892B42 /* JKPatch.h */ = {isa = PBXFileReference; fileEncoding = 4; lastKnownFileType = sourcecode.c.h; path = JKPatch.h; sourceTree = "<group>"; };
		A9DFC9F71736EC7B00892B42 /* JKPatch.m */ = {isa = PBXFileReference; fileEncoding = 4; lastKnownFileType = sourcecode.c.objc; path = JKPatch.m; sourceTree = "<group>"; };
		A9DFC9F91736ECA300892B42 /* JKComposition.h */ = {isa = PBXFileReference; fileEncoding = 4; lastKnownFileType = sourcecode.c.h; path = JKComposition.h; sourceTree = "<group>"; };
		A9DFC9FA1736ECA300892B42 /* JKComposition.m */ = {isa = PBXFileReference; fileEncoding = 4; lastKnownFileType = sourcecode.c.objc; path = JKComposition.m; sourceTree = "<group>"; };
		A9DFC9FC1736EFC200892B42 /* JKUnimplementedPatch.h */ = {isa = PBXFileReference; fileEncoding = 4; lastKnownFileType = sourcecode.c.h; path = JKUnimplementedPatch.h; sourceTree = "<group>"; };
		A9DFC9FD1736EFC200892B42 /* JKUnimplementedPatch.m */ = {isa = PBXFileReference; fileEncoding = 4; lastKnownFileType = sourcecode.c.objc; path = JKUnimplementedPatch.m; sourceTree = "<group>"; };
/* End PBXFileReference section */

/* Begin PBXFrameworksBuildPhase section */
		A9DFC9CA1736E6FB00892B42 /* Frameworks */ = {
			isa = PBXFrameworksBuildPhase;
			buildActionMask = 2147483647;
			files = (
				A9DFC9D11736E6FB00892B42 /* UIKit.framework in Frameworks */,
				A9DFC9D31736E6FB00892B42 /* Foundation.framework in Frameworks */,
				A9DFC9D51736E6FB00892B42 /* CoreGraphics.framework in Frameworks */,
				A9BD52D2173BD61300F21C39 /* QuartzCore.framework in Frameworks */,
				A956ABD4173A3BF300EC54BE /* GLKit.framework in Frameworks */,
				A956ABD5173A3BF300EC54BE /* OpenGLES.framework in Frameworks */,
				A9BD52DF173CEA0900F21C39 /* CoreImage.framework in Frameworks */,
				A905E7071742DBED00BA8EC6 /* CoreText.framework in Frameworks */,
				A94AF96F1747EDB700366861 /* AVFoundation.framework in Frameworks */,
				A94AF9711747F0DC00366861 /* CoreVideo.framework in Frameworks */,
				A94AF9731747F0F900366861 /* CoreMedia.framework in Frameworks */,
			);
			runOnlyForDeploymentPostprocessing = 0;
		};
/* End PBXFrameworksBuildPhase section */

/* Begin PBXGroup section */
		A94AF95F1747AD7600366861 /* Compositions */ = {
			isa = PBXGroup;
			children = (
				A960AAE11750192400A95AEC /* TapTest.qtz */,
				A960AADC174F6E1600A95AEC /* ToggleSmooth.qtz */,
				A94AF9601747AD8E00366861 /* ImageDimensions.qtz */,
				A94AF95D1747AA1A00366861 /* CameraTest.qtz */,
				A9BD52E617411F8E00F21C39 /* Test2.qtz */,
				A9DFC9F31736E70F00892B42 /* EmptyTest.qtz */,
			);
			name = Compositions;
			sourceTree = "<group>";
		};
		A956ABD9173A409500EC54BE /* Patches */ = {
			isa = PBXGroup;
			children = (
				A9DFC9F61736EC7B00892B42 /* JKPatch.h */,
				A9DFC9F71736EC7B00892B42 /* JKPatch.m */,
				A956ABD6173A409100EC54BE /* JKClear.h */,
				A956ABD7173A409100EC54BE /* JKClear.m */,
				A960AADE174F924200A95AEC /* JKGradient.h */,
				A960AADF174F924200A95AEC /* JKGradient.m */,
				A956ABDD173A90CB00EC54BE /* JKSprite.h */,
				A956ABDE173A90CB00EC54BE /* JKSprite.m */,
				A9BD52DB173CE71300F21C39 /* JKImageLoader.h */,
				A9BD52DC173CE71300F21C39 /* JKImageLoader.m */,
				A9BD52E0173E36C200F21C39 /* JKImageFilter.h */,
				A9BD52E1173E36C200F21C39 /* JKImageFilter.m */,
				A9BD52E8174122DD00F21C39 /* JKTextImage.h */,
				A9BD52E9174122DD00F21C39 /* JKTextImage.m */,
				A9BD52E317400E2300F21C39 /* JKSplitter.h */,
				A9BD52E417400E2300F21C39 /* JKSplitter.m */,
				A9BD52D8173C26F700F21C39 /* JKMath.h */,
				A9BD52D9173C26F700F21C39 /* JKMath.m */,
				A9BD52CE173BAA9800F21C39 /* JKInterpolation.h */,
				A9BD52CF173BAA9800F21C39 /* JKInterpolation.m */,
				A94AF9621747AE1000366861 /* JKImageDimensions.h */,
				A94AF9631747AE1000366861 /* JKImageDimensions.m */,
				A94AF96B1747EC5B00366861 /* JKVideoInput.h */,
				A94AF96C1747EC5C00366861 /* JKVideoInput.m */,
				A960AAE31750197B00A95AEC /* JKMultiplexer.h */,
				A960AAE41750197B00A95AEC /* JKMultiplexer.m */,
				A960AAE617501EB400A95AEC /* JKMouseInteraction.h */,
				A960AAE717501EB400A95AEC /* JKMouseInteraction.m */,
				A905C9B01751303C00ADA045 /* JKCounter.h */,
				A905C9B11751303C00ADA045 /* JKCounter.m */,
			);
			name = Patches;
			sourceTree = "<group>";
		};
		A9BD52D3173C0F2300F21C39 /* Util */ = {
			isa = PBXGroup;
			children = (
				A9BD52D4173C0F4000F21C39 /* JKInterpolationMath.h */,
				A9BD52D5173C0F4000F21C39 /* JKInterpolationMath.m */,
				A94AF9681747C31B00366861 /* NSString+LowercaseFirst.h */,
				A94AF9691747C31B00366861 /* NSString+LowercaseFirst.m */,
			);
			name = Util;
			sourceTree = "<group>";
		};
		A9DFC9C41736E6FB00892B42 = {
			isa = PBXGroup;
			children = (
				A9DFC9D61736E6FB00892B42 /* QCMobile */,
				A9DFC9CF1736E6FB00892B42 /* Frameworks */,
				A9DFC9CE1736E6FB00892B42 /* Products */,
			);
			sourceTree = "<group>";
		};
		A9DFC9CE1736E6FB00892B42 /* Products */ = {
			isa = PBXGroup;
			children = (
				A9DFC9CD1736E6FB00892B42 /* QCMobile.app */,
			);
			name = Products;
			sourceTree = "<group>";
		};
		A9DFC9CF1736E6FB00892B42 /* Frameworks */ = {
			isa = PBXGroup;
			children = (
				A9DFC9D01736E6FB00892B42 /* UIKit.framework */,
				A9DFC9D21736E6FB00892B42 /* Foundation.framework */,
				A9DFC9D41736E6FB00892B42 /* CoreGraphics.framework */,
				A9BD52D1173BD61300F21C39 /* QuartzCore.framework */,
				A956ABD2173A3BF300EC54BE /* GLKit.framework */,
				A956ABD3173A3BF300EC54BE /* OpenGLES.framework */,
				A9BD52DE173CEA0900F21C39 /* CoreImage.framework */,
				A905E7061742DBED00BA8EC6 /* CoreText.framework */,
				A94AF96E1747EDB600366861 /* AVFoundation.framework */,
				A94AF9701747F0DC00366861 /* CoreVideo.framework */,
				A94AF9721747F0F900366861 /* CoreMedia.framework */,
			);
			name = Frameworks;
			sourceTree = "<group>";
		};
		A9DFC9D61736E6FB00892B42 /* QCMobile */ = {
			isa = PBXGroup;
			children = (
				A9DFC9F51736EAD000892B42 /* Quartz Composer */,
				A9DFC9DF1736E6FB00892B42 /* JKAppDelegate.h */,
				A9DFC9E01736E6FB00892B42 /* JKAppDelegate.m */,
				A9DFC9E81736E6FB00892B42 /* MainStoryboard.storyboard */,
				A9DFC9EB1736E6FB00892B42 /* JKViewController.h */,
				A9DFC9EC1736E6FB00892B42 /* JKViewController.m */,
				A9DFC9D71736E6FB00892B42 /* Supporting Files */,
			);
			path = QCMobile;
			sourceTree = "<group>";
		};
		A9DFC9D71736E6FB00892B42 /* Supporting Files */ = {
			isa = PBXGroup;
			children = (
				A94AF95F1747AD7600366861 /* Compositions */,
				A9DFC9D81736E6FB00892B42 /* QCMobile-Info.plist */,
				A9DFC9D91736E6FB00892B42 /* InfoPlist.strings */,
				A9DFC9DC1736E6FB00892B42 /* main.m */,
				A9DFC9DE1736E6FB00892B42 /* QCMobile-Prefix.pch */,
				A9DFC9E21736E6FB00892B42 /* Default.png */,
				A9DFC9E41736E6FB00892B42 /* Default@2x.png */,
				A9DFC9E61736E6FB00892B42 /* Default-568h@2x.png */,
			);
			name = "Supporting Files";
			sourceTree = "<group>";
		};
		A9DFC9F51736EAD000892B42 /* Quartz Composer */ = {
			isa = PBXGroup;
			children = (
				A9BD52D3173C0F2300F21C39 /* Util */,
				A956ABD9173A409500EC54BE /* Patches */,
				A9BD52CB173AD55900F21C39 /* JKConnection.h */,
				A9BD52CC173AD55900F21C39 /* JKConnection.m */,
				A9DFC9F91736ECA300892B42 /* JKComposition.h */,
				A905C9AF17512CE300ADA045 /* JKCompositionPrivate.h */,
				A9DFC9FA1736ECA300892B42 /* JKComposition.m */,
				A9DFC9FC1736EFC200892B42 /* JKUnimplementedPatch.h */,
				A9DFC9FD1736EFC200892B42 /* JKUnimplementedPatch.m */,
				A9BD52D7173C228C00F21C39 /* JKContext.h */,
				A94AF9651747B81D00366861 /* JKContextUtil.h */,
				A94AF9661747B81D00366861 /* JKContextUtil.m */,
				A956ABDA173A697A00EC54BE /* JKQCView.h */,
				A956ABDB173A697A00EC54BE /* JKQCView.m */,
			);
			name = "Quartz Composer";
			sourceTree = "<group>";
		};
/* End PBXGroup section */

/* Begin PBXNativeTarget section */
		A9DFC9CC1736E6FB00892B42 /* QCMobile */ = {
			isa = PBXNativeTarget;
			buildConfigurationList = A9DFC9F01736E6FB00892B42 /* Build configuration list for PBXNativeTarget "QCMobile" */;
			buildPhases = (
				A9DFC9C91736E6FB00892B42 /* Sources */,
				A9DFC9CA1736E6FB00892B42 /* Frameworks */,
				A9DFC9CB1736E6FB00892B42 /* Resources */,
			);
			buildRules = (
			);
			dependencies = (
			);
			name = QCMobile;
			productName = QCMobile;
			productReference = A9DFC9CD1736E6FB00892B42 /* QCMobile.app */;
			productType = "com.apple.product-type.application";
		};
/* End PBXNativeTarget section */

/* Begin PBXProject section */
		A9DFC9C51736E6FB00892B42 /* Project object */ = {
			isa = PBXProject;
			attributes = {
				CLASSPREFIX = JK;
				LastUpgradeCheck = 0460;
				ORGANIZATIONNAME = "Joris Kluivers";
			};
			buildConfigurationList = A9DFC9C81736E6FB00892B42 /* Build configuration list for PBXProject "QCMobile" */;
			compatibilityVersion = "Xcode 3.2";
			developmentRegion = English;
			hasScannedForEncodings = 0;
			knownRegions = (
				en,
			);
			mainGroup = A9DFC9C41736E6FB00892B42;
			productRefGroup = A9DFC9CE1736E6FB00892B42 /* Products */;
			projectDirPath = "";
			projectRoot = "";
			targets = (
				A9DFC9CC1736E6FB00892B42 /* QCMobile */,
			);
		};
/* End PBXProject section */

/* Begin PBXResourcesBuildPhase section */
		A9DFC9CB1736E6FB00892B42 /* Resources */ = {
			isa = PBXResourcesBuildPhase;
			buildActionMask = 2147483647;
			files = (
				A9DFC9DB1736E6FB00892B42 /* InfoPlist.strings in Resources */,
				A9DFC9E31736E6FB00892B42 /* Default.png in Resources */,
				A9DFC9E51736E6FB00892B42 /* Default@2x.png in Resources */,
				A9DFC9E71736E6FB00892B42 /* Default-568h@2x.png in Resources */,
				A9DFC9EA1736E6FB00892B42 /* MainStoryboard.storyboard in Resources */,
				A9DFC9F41736E70F00892B42 /* EmptyTest.qtz in Resources */,
				A9BD52E717411F8E00F21C39 /* Test2.qtz in Resources */,
				A94AF95E1747AA1A00366861 /* CameraTest.qtz in Resources */,
				A94AF9611747AD8E00366861 /* ImageDimensions.qtz in Resources */,
				A960AADD174F6E1600A95AEC /* ToggleSmooth.qtz in Resources */,
				A960AAE21750192400A95AEC /* TapTest.qtz in Resources */,
			);
			runOnlyForDeploymentPostprocessing = 0;
		};
/* End PBXResourcesBuildPhase section */

/* Begin PBXSourcesBuildPhase section */
		A9DFC9C91736E6FB00892B42 /* Sources */ = {
			isa = PBXSourcesBuildPhase;
			buildActionMask = 2147483647;
			files = (
				A9DFC9DD1736E6FB00892B42 /* main.m in Sources */,
				A9DFC9E11736E6FB00892B42 /* JKAppDelegate.m in Sources */,
				A9DFC9ED1736E6FB00892B42 /* JKViewController.m in Sources */,
				A9DFC9F81736EC7B00892B42 /* JKPatch.m in Sources */,
				A9DFC9FB1736ECA300892B42 /* JKComposition.m in Sources */,
				A9DFC9FE1736EFC200892B42 /* JKUnimplementedPatch.m in Sources */,
				A956ABD8173A409100EC54BE /* JKClear.m in Sources */,
				A956ABDC173A697A00EC54BE /* JKQCView.m in Sources */,
				A956ABDF173A90CB00EC54BE /* JKSprite.m in Sources */,
				A9BD52CD173AD55900F21C39 /* JKConnection.m in Sources */,
				A9BD52D0173BAA9800F21C39 /* JKInterpolation.m in Sources */,
				A9BD52D6173C0F4000F21C39 /* JKInterpolationMath.m in Sources */,
				A9BD52DA173C26F700F21C39 /* JKMath.m in Sources */,
				A9BD52DD173CE71300F21C39 /* JKImageLoader.m in Sources */,
				A9BD52E2173E36C200F21C39 /* JKImageFilter.m in Sources */,
				A9BD52E517400E2300F21C39 /* JKSplitter.m in Sources */,
				A9BD52EA174122DD00F21C39 /* JKTextImage.m in Sources */,
				A94AF9641747AE1000366861 /* JKImageDimensions.m in Sources */,
				A94AF9671747B81D00366861 /* JKContextUtil.m in Sources */,
				A94AF96A1747C31B00366861 /* NSString+LowercaseFirst.m in Sources */,
				A94AF96D1747EC5C00366861 /* JKVideoInput.m in Sources */,
				A960AAE0174F924200A95AEC /* JKGradient.m in Sources */,
				A960AAE51750197B00A95AEC /* JKMultiplexer.m in Sources */,
				A960AAE817501EB400A95AEC /* JKMouseInteraction.m in Sources */,
				A905C9B21751303C00ADA045 /* JKCounter.m in Sources */,
			);
			runOnlyForDeploymentPostprocessing = 0;
		};
/* End PBXSourcesBuildPhase section */

/* Begin PBXVariantGroup section */
		A9DFC9D91736E6FB00892B42 /* InfoPlist.strings */ = {
			isa = PBXVariantGroup;
			children = (
				A9DFC9DA1736E6FB00892B42 /* en */,
			);
			name = InfoPlist.strings;
			sourceTree = "<group>";
		};
		A9DFC9E81736E6FB00892B42 /* MainStoryboard.storyboard */ = {
			isa = PBXVariantGroup;
			children = (
				A9DFC9E91736E6FB00892B42 /* en */,
			);
			name = MainStoryboard.storyboard;
			sourceTree = "<group>";
		};
/* End PBXVariantGroup section */

/* Begin XCBuildConfiguration section */
		A9DFC9EE1736E6FB00892B42 /* Debug */ = {
			isa = XCBuildConfiguration;
			buildSettings = {
				ALWAYS_SEARCH_USER_PATHS = NO;
				CLANG_CXX_LANGUAGE_STANDARD = "gnu++0x";
				CLANG_CXX_LIBRARY = "libc++";
				CLANG_ENABLE_OBJC_ARC = YES;
				CLANG_WARN_CONSTANT_CONVERSION = YES;
				CLANG_WARN_EMPTY_BODY = YES;
				CLANG_WARN_ENUM_CONVERSION = YES;
				CLANG_WARN_INT_CONVERSION = YES;
				CLANG_WARN__DUPLICATE_METHOD_MATCH = YES;
				"CODE_SIGN_IDENTITY[sdk=iphoneos*]" = "iPhone Developer";
				COPY_PHASE_STRIP = NO;
				GCC_C_LANGUAGE_STANDARD = gnu99;
				GCC_DYNAMIC_NO_PIC = NO;
				GCC_OPTIMIZATION_LEVEL = 0;
				GCC_PREPROCESSOR_DEFINITIONS = (
					"DEBUG=1",
					"$(inherited)",
				);
				GCC_SYMBOLS_PRIVATE_EXTERN = NO;
				GCC_WARN_ABOUT_RETURN_TYPE = YES;
				GCC_WARN_UNINITIALIZED_AUTOS = YES;
				GCC_WARN_UNUSED_VARIABLE = YES;
				IPHONEOS_DEPLOYMENT_TARGET = 6.1;
				ONLY_ACTIVE_ARCH = YES;
				SDKROOT = iphoneos;
			};
			name = Debug;
		};
		A9DFC9EF1736E6FB00892B42 /* Release */ = {
			isa = XCBuildConfiguration;
			buildSettings = {
				ALWAYS_SEARCH_USER_PATHS = NO;
				CLANG_CXX_LANGUAGE_STANDARD = "gnu++0x";
				CLANG_CXX_LIBRARY = "libc++";
				CLANG_ENABLE_OBJC_ARC = YES;
				CLANG_WARN_CONSTANT_CONVERSION = YES;
				CLANG_WARN_EMPTY_BODY = YES;
				CLANG_WARN_ENUM_CONVERSION = YES;
				CLANG_WARN_INT_CONVERSION = YES;
				CLANG_WARN__DUPLICATE_METHOD_MATCH = YES;
				"CODE_SIGN_IDENTITY[sdk=iphoneos*]" = "iPhone Developer";
				COPY_PHASE_STRIP = YES;
				GCC_C_LANGUAGE_STANDARD = gnu99;
				GCC_WARN_ABOUT_RETURN_TYPE = YES;
				GCC_WARN_UNINITIALIZED_AUTOS = YES;
				GCC_WARN_UNUSED_VARIABLE = YES;
				IPHONEOS_DEPLOYMENT_TARGET = 6.1;
				OTHER_CFLAGS = "-DNS_BLOCK_ASSERTIONS=1";
				SDKROOT = iphoneos;
				VALIDATE_PRODUCT = YES;
			};
			name = Release;
		};
		A9DFC9F11736E6FB00892B42 /* Debug */ = {
			isa = XCBuildConfiguration;
			buildSettings = {
				GCC_PRECOMPILE_PREFIX_HEADER = YES;
				GCC_PREFIX_HEADER = "QCMobile/QCMobile-Prefix.pch";
				INFOPLIST_FILE = "QCMobile/QCMobile-Info.plist";
				PRODUCT_NAME = "$(TARGET_NAME)";
				WRAPPER_EXTENSION = app;
			};
			name = Debug;
		};
		A9DFC9F21736E6FB00892B42 /* Release */ = {
			isa = XCBuildConfiguration;
			buildSettings = {
				GCC_PRECOMPILE_PREFIX_HEADER = YES;
				GCC_PREFIX_HEADER = "QCMobile/QCMobile-Prefix.pch";
				INFOPLIST_FILE = "QCMobile/QCMobile-Info.plist";
				PRODUCT_NAME = "$(TARGET_NAME)";
				WRAPPER_EXTENSION = app;
			};
			name = Release;
		};
/* End XCBuildConfiguration section */

/* Begin XCConfigurationList section */
		A9DFC9C81736E6FB00892B42 /* Build configuration list for PBXProject "QCMobile" */ = {
			isa = XCConfigurationList;
			buildConfigurations = (
				A9DFC9EE1736E6FB00892B42 /* Debug */,
				A9DFC9EF1736E6FB00892B42 /* Release */,
			);
			defaultConfigurationIsVisible = 0;
			defaultConfigurationName = Release;
		};
		A9DFC9F01736E6FB00892B42 /* Build configuration list for PBXNativeTarget "QCMobile" */ = {
			isa = XCConfigurationList;
			buildConfigurations = (
				A9DFC9F11736E6FB00892B42 /* Debug */,
				A9DFC9F21736E6FB00892B42 /* Release */,
			);
			defaultConfigurationIsVisible = 0;
			defaultConfigurationName = Release;
		};
/* End XCConfigurationList section */
	};
	rootObject = A9DFC9C51736E6FB00892B42 /* Project object */;
}
